
Microsoft Visual Studio Solution File, Format Version 12.00
# Visual Studio Version 16
VisualStudioVersion = 16.0.29001.49
MinimumVisualStudioVersion = 10.0.40219.1
Project("{9A19103F-16F7-4668-BE54-9A1E7A4F7556}") = "BloodDonationApplication", "BloodDonationApplication.csproj", "{99562A8D-A535-45C9-B889-5934E0405C10}"
EndProject
Global
	GlobalSection(SolutionConfigurationPlatforms) = preSolution
		Debug|Any CPU = Debug|Any CPU
		Release|Any CPU = Release|Any CPU
	EndGlobalSection
	GlobalSection(ProjectConfigurationPlatforms) = postSolution
		{99562A8D-A535-45C9-B889-5934E0405C10}.Debug|Any CPU.ActiveCfg = Debug|Any CPU
		{99562A8D-A535-45C9-B889-5934E0405C10}.Debug|Any CPU.Build.0 = Debug|Any CPU
		{99562A8D-A535-45C9-B889-5934E0405C10}.Release|Any CPU.ActiveCfg = Release|Any CPU
		{99562A8D-A535-45C9-B889-5934E0405C10}.Release|Any CPU.Build.0 = Release|Any CPU
	EndGlobalSection
	GlobalSection(SolutionProperties) = preSolution
		HideSolutionNode = FALSE
	EndGlobalSection
	GlobalSection(ExtensibilityGlobals) = postSolution
		SolutionGuid = {3FD6B44C-776A-4C5F-9CA7-7581E8BB5A31}
	EndGlobalSection
EndGlobal
